#MicroXplorer Configuration settings - do not modify
ADC1.Channel-0\#ChannelRegularConversion=ADC_CHANNEL_0
ADC1.ContinuousConvMode=ENABLE
ADC1.DMAContinuousRequests=ENABLE
ADC1.IPParameters=Rank-0\#ChannelRegularConversion,master,Channel-0\#ChannelRegularConversion,SamplingTime-0\#ChannelRegularConversion,NbrOfConversionFlag,ContinuousConvMode,NbrOfConversion,DMAContinuousRequests,ScanConvMode
ADC1.NbrOfConversion=1
ADC1.NbrOfConversionFlag=1
ADC1.Rank-0\#ChannelRegularConversion=1
ADC1.SamplingTime-0\#ChannelRegularConversion=ADC_SAMPLETIME_480CYCLES
ADC1.ScanConvMode=ENABLE
ADC1.master=1
ADC2.Channel-0\#ChannelRegularConversion=ADC_CHANNEL_4
ADC2.Channel-1\#ChannelRegularConversion=ADC_CHANNEL_5
ADC2.Channel-2\#ChannelRegularConversion=ADC_CHANNEL_6
ADC2.ContinuousConvMode=ENABLE
ADC2.DMAContinuousRequests=ENABLE
ADC2.EOCSelection=ADC_EOC_SEQ_CONV
ADC2.IPParameters=Rank-0\#ChannelRegularConversion,Channel-0\#ChannelRegularConversion,SamplingTime-0\#ChannelRegularConversion,NbrOfConversionFlag,ScanConvMode,ContinuousConvMode,Rank-1\#ChannelRegularConversion,Channel-1\#ChannelRegularConversion,SamplingTime-1\#ChannelRegularConversion,NbrOfConversion,Rank-2\#ChannelRegularConversion,Channel-2\#ChannelRegularConversion,SamplingTime-2\#ChannelRegularConversion,DMAContinuousRequests,EOCSelection
ADC2.NbrOfConversion=3
ADC2.NbrOfConversionFlag=1
ADC2.Rank-0\#ChannelRegularConversion=1
ADC2.Rank-1\#ChannelRegularConversion=2
ADC2.Rank-2\#ChannelRegularConversion=3
ADC2.SamplingTime-0\#ChannelRegularConversion=ADC_SAMPLETIME_3CYCLES
ADC2.SamplingTime-1\#ChannelRegularConversion=ADC_SAMPLETIME_3CYCLES
ADC2.SamplingTime-2\#ChannelRegularConversion=ADC_SAMPLETIME_3CYCLES
ADC2.ScanConvMode=ENABLE
ADC3.Channel-0\#ChannelRegularConversion=ADC_CHANNEL_1
ADC3.ContinuousConvMode=ENABLE
ADC3.DMAContinuousRequests=ENABLE
ADC3.IPParameters=Rank-0\#ChannelRegularConversion,Channel-0\#ChannelRegularConversion,SamplingTime-0\#ChannelRegularConversion,NbrOfConversionFlag,ScanConvMode,ContinuousConvMode,DMAContinuousRequests
ADC3.NbrOfConversionFlag=1
ADC3.Rank-0\#ChannelRegularConversion=1
ADC3.SamplingTime-0\#ChannelRegularConversion=ADC_SAMPLETIME_480CYCLES
ADC3.ScanConvMode=ENABLE
CAD.formats=
CAD.pinconfig=
CAD.provider=
Dma.ADC1.2.Direction=DMA_PERIPH_TO_MEMORY
Dma.ADC1.2.FIFOMode=DMA_FIFOMODE_DISABLE
Dma.ADC1.2.Instance=DMA2_Stream4
Dma.ADC1.2.MemDataAlignment=DMA_MDATAALIGN_HALFWORD
Dma.ADC1.2.MemInc=DMA_MINC_ENABLE
Dma.ADC1.2.Mode=DMA_CIRCULAR
Dma.ADC1.2.PeriphDataAlignment=DMA_PDATAALIGN_HALFWORD
Dma.ADC1.2.PeriphInc=DMA_PINC_DISABLE
Dma.ADC1.2.Priority=DMA_PRIORITY_LOW
Dma.ADC1.2.RequestParameters=Instance,Direction,PeriphInc,MemInc,PeriphDataAlignment,MemDataAlignment,Mode,Priority,FIFOMode
Dma.ADC2.3.Direction=DMA_PERIPH_TO_MEMORY
Dma.ADC2.3.FIFOMode=DMA_FIFOMODE_DISABLE
Dma.ADC2.3.Instance=DMA2_Stream2
Dma.ADC2.3.MemDataAlignment=DMA_MDATAALIGN_HALFWORD
Dma.ADC2.3.MemInc=DMA_MINC_ENABLE
Dma.ADC2.3.Mode=DMA_CIRCULAR
Dma.ADC2.3.PeriphDataAlignment=DMA_PDATAALIGN_HALFWORD
Dma.ADC2.3.PeriphInc=DMA_PINC_DISABLE
Dma.ADC2.3.Priority=DMA_PRIORITY_LOW
Dma.ADC2.3.RequestParameters=Instance,Direction,PeriphInc,MemInc,PeriphDataAlignment,MemDataAlignment,Mode,Priority,FIFOMode
Dma.ADC3.4.Direction=DMA_PERIPH_TO_MEMORY
Dma.ADC3.4.FIFOMode=DMA_FIFOMODE_DISABLE
Dma.ADC3.4.Instance=DMA2_Stream0
Dma.ADC3.4.MemDataAlignment=DMA_MDATAALIGN_HALFWORD
Dma.ADC3.4.MemInc=DMA_MINC_ENABLE
Dma.ADC3.4.Mode=DMA_CIRCULAR
Dma.ADC3.4.PeriphDataAlignment=DMA_PDATAALIGN_HALFWORD
Dma.ADC3.4.PeriphInc=DMA_PINC_DISABLE
Dma.ADC3.4.Priority=DMA_PRIORITY_LOW
Dma.ADC3.4.RequestParameters=Instance,Direction,PeriphInc,MemInc,PeriphDataAlignment,MemDataAlignment,Mode,Priority,FIFOMode
Dma.Request0=USART6_RX
Dma.Request1=USART6_TX
Dma.Request2=ADC1
Dma.Request3=ADC2
Dma.Request4=ADC3
Dma.RequestsNb=5
Dma.USART6_RX.0.Direction=DMA_PERIPH_TO_MEMORY
Dma.USART6_RX.0.FIFOMode=DMA_FIFOMODE_DISABLE
Dma.USART6_RX.0.Instance=DMA2_Stream1
Dma.USART6_RX.0.MemDataAlignment=DMA_MDATAALIGN_BYTE
Dma.USART6_RX.0.MemInc=DMA_MINC_ENABLE
Dma.USART6_RX.0.Mode=DMA_CIRCULAR
Dma.USART6_RX.0.PeriphDataAlignment=DMA_PDATAALIGN_BYTE
Dma.USART6_RX.0.PeriphInc=DMA_PINC_DISABLE
Dma.USART6_RX.0.Priority=DMA_PRIORITY_LOW
Dma.USART6_RX.0.RequestParameters=Instance,Direction,PeriphInc,MemInc,PeriphDataAlignment,MemDataAlignment,Mode,Priority,FIFOMode
Dma.USART6_TX.1.Direction=DMA_MEMORY_TO_PERIPH
Dma.USART6_TX.1.FIFOMode=DMA_FIFOMODE_DISABLE
Dma.USART6_TX.1.Instance=DMA2_Stream6
Dma.USART6_TX.1.MemDataAlignment=DMA_MDATAALIGN_BYTE
Dma.USART6_TX.1.MemInc=DMA_MINC_ENABLE
Dma.USART6_TX.1.Mode=DMA_NORMAL
Dma.USART6_TX.1.PeriphDataAlignment=DMA_PDATAALIGN_BYTE
Dma.USART6_TX.1.PeriphInc=DMA_PINC_DISABLE
Dma.USART6_TX.1.Priority=DMA_PRIORITY_LOW
Dma.USART6_TX.1.RequestParameters=Instance,Direction,PeriphInc,MemInc,PeriphDataAlignment,MemDataAlignment,Mode,Priority,FIFOMode
File.Version=6
GPIO.groupedBy=Group By Peripherals
KeepUserPlacement=false
Mcu.CPN=STM32F446RET6
Mcu.Family=STM32F4
Mcu.IP0=ADC1
Mcu.IP1=ADC2
Mcu.IP10=TIM8
Mcu.IP11=USART2
Mcu.IP12=USART6
Mcu.IP2=ADC3
Mcu.IP3=DMA
Mcu.IP4=NVIC
Mcu.IP5=RCC
Mcu.IP6=SPI2
Mcu.IP7=SYS
Mcu.IP8=TIM1
Mcu.IP9=TIM2
Mcu.IPNb=13
Mcu.Name=STM32F446R(C-E)Tx
Mcu.Package=LQFP64
Mcu.Pin0=PC13
Mcu.Pin1=PC15-OSC32_OUT
Mcu.Pin10=PA3
Mcu.Pin11=PA4
Mcu.Pin12=PA5
Mcu.Pin13=PA6
Mcu.Pin14=PA7
Mcu.Pin15=PC4
Mcu.Pin16=PC5
Mcu.Pin17=PB0
Mcu.Pin18=PB1
Mcu.Pin19=PB2
Mcu.Pin2=PH0-OSC_IN
Mcu.Pin20=PB10
Mcu.Pin21=PB12
Mcu.Pin22=PB13
Mcu.Pin23=PB15
Mcu.Pin24=PC6
Mcu.Pin25=PC7
Mcu.Pin26=PC8
Mcu.Pin27=PC9
Mcu.Pin28=PA8
Mcu.Pin29=PA9
Mcu.Pin3=PH1-OSC_OUT
Mcu.Pin30=PA10
Mcu.Pin31=PA11
Mcu.Pin32=PA13
Mcu.Pin33=PA14
Mcu.Pin34=PA15
Mcu.Pin35=PC10
Mcu.Pin36=PC11
Mcu.Pin37=PC12
Mcu.Pin38=PB3
Mcu.Pin39=PB4
Mcu.Pin4=PC1
Mcu.Pin40=PB5
Mcu.Pin41=PB6
Mcu.Pin42=PB7
Mcu.Pin43=PB8
Mcu.Pin44=PB9
Mcu.Pin45=VP_SYS_VS_Systick
Mcu.Pin46=VP_TIM2_VS_ClockSourceINT
Mcu.Pin5=PC2
Mcu.Pin6=PC3
Mcu.Pin7=PA0-WKUP
Mcu.Pin8=PA1
Mcu.Pin9=PA2
Mcu.PinsNb=47
Mcu.ThirdPartyNb=0
Mcu.UserConstants=
Mcu.UserName=STM32F446RETx
MxCube.Version=6.10.0
MxDb.Version=DB.6.0.100
NVIC.ADC_IRQn=true\:0\:0\:true\:false\:true\:true\:true\:true
NVIC.BusFault_IRQn=true\:0\:0\:false\:false\:true\:false\:false\:false
NVIC.DMA2_Stream0_IRQn=true\:0\:0\:false\:false\:true\:false\:true\:true
NVIC.DMA2_Stream1_IRQn=true\:0\:0\:false\:false\:true\:false\:true\:true
NVIC.DMA2_Stream2_IRQn=true\:0\:0\:false\:false\:true\:false\:true\:true
NVIC.DMA2_Stream4_IRQn=true\:0\:0\:false\:false\:true\:false\:true\:true
NVIC.DMA2_Stream6_IRQn=true\:0\:0\:false\:false\:true\:false\:true\:true
NVIC.DebugMonitor_IRQn=true\:0\:0\:false\:false\:true\:false\:false\:false
NVIC.ForceEnableDMAVector=true
NVIC.HardFault_IRQn=true\:0\:0\:false\:false\:true\:false\:false\:false
NVIC.MemoryManagement_IRQn=true\:0\:0\:false\:false\:true\:false\:false\:false
NVIC.NonMaskableInt_IRQn=true\:0\:0\:false\:false\:true\:false\:false\:false
NVIC.PendSV_IRQn=true\:0\:0\:false\:false\:true\:false\:false\:false
NVIC.PriorityGroup=NVIC_PRIORITYGROUP_4
NVIC.SVCall_IRQn=true\:0\:0\:false\:false\:true\:false\:false\:false
NVIC.SysTick_IRQn=true\:15\:0\:false\:false\:true\:false\:true\:false
NVIC.TIM2_IRQn=true\:1\:0\:true\:false\:true\:true\:true\:true
NVIC.UsageFault_IRQn=true\:0\:0\:false\:false\:true\:false\:false\:false
PA0-WKUP.GPIOParameters=GPIO_Label
PA0-WKUP.GPIO_Label=ADC_LineA
PA0-WKUP.Signal=ADCx_IN0
PA1.GPIOParameters=GPIO_Label
PA1.GPIO_Label=ADC_LineB
PA1.Locked=true
PA1.Signal=ADCx_IN1
PA10.GPIOParameters=GPIO_Label
PA10.GPIO_Label=PWM_M3
PA10.Signal=S_TIM1_CH3
PA11.GPIOParameters=GPIO_Label
PA11.GPIO_Label=PWM_M4
PA11.Signal=S_TIM1_CH4
PA13.Mode=Trace_Asynchronous_SW
PA13.Signal=SYS_JTMS-SWDIO
PA14.Mode=Trace_Asynchronous_SW
PA14.Signal=SYS_JTCK-SWCLK
PA15.GPIOParameters=GPIO_Label
PA15.GPIO_Label=ESC_PWM1
PA15.Signal=S_TIM2_CH1_ETR
PA2.GPIOParameters=GPIO_Label
PA2.GPIO_Label=PC_TX2
PA2.Mode=Asynchronous
PA2.Signal=USART2_TX
PA3.GPIOParameters=GPIO_Label
PA3.GPIO_Label=PC_RX2
PA3.Mode=Asynchronous
PA3.Signal=USART2_RX
PA4.GPIOParameters=GPIO_Label
PA4.GPIO_Label=ADC_Vbatt
PA4.Signal=ADCx_IN4
PA5.GPIOParameters=GPIO_Label
PA5.GPIO_Label=ADC_BallCatchA
PA5.Signal=ADCx_IN5
PA6.GPIOParameters=GPIO_Label
PA6.GPIO_Label=ADC_BallCatchB
PA6.Signal=ADCx_IN6
PA7.GPIOParameters=GPIO_Label
PA7.GPIO_Label=DebugLED2
PA7.Locked=true
PA7.Signal=GPIO_Output
PA8.GPIOParameters=GPIO_Label
PA8.GPIO_Label=PWM_M1
PA8.Signal=S_TIM1_CH1
PA9.GPIOParameters=GPIO_Label
PA9.GPIO_Label=PWM_M2
PA9.Signal=S_TIM1_CH2
PB0.GPIOParameters=GPIO_Label
PB0.GPIO_Label=MuxA0
PB0.Locked=true
PB0.Signal=GPIO_Output
PB1.GPIOParameters=GPIO_Label
PB1.GPIO_Label=MuxA1
PB1.Locked=true
PB1.Signal=GPIO_Output
PB10.GPIOParameters=GPIO_Label
PB10.GPIO_Label=Kicker_LA
PB10.Locked=true
PB10.Signal=GPIO_Output
PB12.GPIOParameters=GPIO_Label
PB12.GPIO_Label=Kicker_LB
PB12.Locked=true
PB12.Signal=GPIO_Output
PB13.GPIOParameters=GPIO_Label
PB13.GPIO_Label=IMU_SCLK
PB13.Mode=Full_Duplex_Master
PB13.Signal=SPI2_SCK
PB15.GPIOParameters=GPIO_Label
PB15.GPIO_Label=DebugSW
PB15.Locked=true
PB15.Signal=GPIO_Input
PB2.GPIOParameters=GPIO_Label
PB2.GPIO_Label=MuxA2
PB2.Locked=true
PB2.Signal=GPIO_Output
PB3.Mode=Trace_Asynchronous_SW
PB3.Signal=SYS_JTDO-SWO
PB4.GPIOParameters=GPIO_Label
PB4.GPIO_Label=MuxA3
PB4.Locked=true
PB4.Signal=GPIO_Output
PB5.GPIOParameters=GPIO_Label
PB5.GPIO_Label=MuxB0
PB5.Locked=true
PB5.Signal=GPIO_Output
PB6.GPIOParameters=GPIO_Label
PB6.GPIO_Label=MuxB1
PB6.Locked=true
PB6.Signal=GPIO_Output
PB7.GPIOParameters=GPIO_Label
PB7.GPIO_Label=MuxB2
PB7.Locked=true
PB7.Signal=GPIO_Output
PB8.GPIOParameters=GPIO_Label
PB8.GPIO_Label=MuxB3
PB8.Locked=true
PB8.Signal=GPIO_Output
PB9.GPIOParameters=GPIO_Label
PB9.GPIO_Label=ESC_PWM2
PB9.Signal=S_TIM2_CH2
PC1.GPIOParameters=GPIO_Label
PC1.GPIO_Label=IMU_SDI
PC1.Mode=Full_Duplex_Master
PC1.Signal=SPI2_MOSI
PC10.GPIOParameters=GPIO_Label
PC10.GPIO_Label=Rotary_IN1
PC10.Locked=true
PC10.Signal=GPIO_Input
PC11.GPIOParameters=GPIO_Label
PC11.GPIO_Label=Rotary_IN2
PC11.Locked=true
PC11.Signal=GPIO_Input
PC12.GPIOParameters=GPIO_Label
PC12.GPIO_Label=Kicker_H
PC12.Locked=true
PC12.Signal=GPIO_Output
PC13.GPIOParameters=GPIO_Label
PC13.GPIO_Label=Rotary_IN3
PC13.Locked=true
PC13.Signal=GPIO_Input
PC15-OSC32_OUT.GPIOParameters=GPIO_Label
PC15-OSC32_OUT.GPIO_Label=isMotorEnabled
PC15-OSC32_OUT.Locked=true
PC15-OSC32_OUT.Signal=GPIO_Input
PC2.GPIOParameters=GPIO_Label
PC2.GPIO_Label=IMU_SDO
PC2.Mode=Full_Duplex_Master
PC2.Signal=SPI2_MISO
PC3.GPIOParameters=GPIO_Label
PC3.GPIO_Label=IMU_CS
PC3.Locked=true
PC3.Signal=GPIO_Output
PC4.GPIOParameters=GPIO_Label
PC4.GPIO_Label=DebugLED0
PC4.Locked=true
PC4.Signal=GPIO_Output
PC5.GPIOParameters=GPIO_Label
PC5.GPIO_Label=DebugLED1
PC5.Locked=true
PC5.Signal=GPIO_Output
PC6.GPIOParameters=GPIO_Label
PC6.GPIO_Label=CAM_TX6
PC6.Mode=Asynchronous
PC6.Signal=USART6_TX
PC7.GPIOParameters=GPIO_Label
PC7.GPIO_Label=CAM_RX6
PC7.Mode=Asynchronous
PC7.Signal=USART6_RX
PC8.GPIOParameters=GPIO_Label
PC8.GPIO_Label=PWM_Buzzer
PC8.Signal=S_TIM8_CH3
PC9.GPIOParameters=GPIO_Label
PC9.GPIO_Label=Rotary_IN0
PC9.Locked=true
PC9.Signal=GPIO_Input
PH0-OSC_IN.Mode=HSE-External-Oscillator
PH0-OSC_IN.Signal=RCC_OSC_IN
PH1-OSC_OUT.Mode=HSE-External-Oscillator
PH1-OSC_OUT.Signal=RCC_OSC_OUT
PinOutPanel.RotationAngle=0
ProjectManager.AskForMigrate=true
ProjectManager.BackupPrevious=false
ProjectManager.CompilerOptimize=6
ProjectManager.ComputerToolchain=false
ProjectManager.CoupleFile=true
ProjectManager.CustomerFirmwarePackage=
ProjectManager.DefaultFWLocation=true
ProjectManager.DeletePrevious=true
ProjectManager.DeviceId=STM32F446RETx
ProjectManager.FirmwarePackage=STM32Cube FW_F4 V1.28.0
ProjectManager.FreePins=false
ProjectManager.HalAssertFull=false
ProjectManager.HeapSize=0x200
ProjectManager.KeepUserCode=true
ProjectManager.LastFirmware=true
ProjectManager.LibraryCopy=1
ProjectManager.MainLocation=Core/Src
ProjectManager.NoMain=false
ProjectManager.PreviousToolchain=
ProjectManager.ProjectBuild=false
ProjectManager.ProjectFileName=MainBoard_v2.ioc
ProjectManager.ProjectName=MainBoard_v2
ProjectManager.ProjectStructure=
ProjectManager.RegisterCallBack=
ProjectManager.StackSize=0x400
ProjectManager.TargetToolchain=STM32CubeIDE
ProjectManager.ToolChainLocation=
ProjectManager.UAScriptAfterPath=
ProjectManager.UAScriptBeforePath=
ProjectManager.UnderRoot=true
ProjectManager.functionlistsort=1-SystemClock_Config-RCC-false-HAL-false,2-MX_GPIO_Init-GPIO-false-HAL-true,3-MX_DMA_Init-DMA-false-HAL-true,4-MX_USART6_UART_Init-USART6-false-HAL-true,5-MX_USART2_UART_Init-USART2-false-HAL-true,6-MX_TIM1_Init-TIM1-false-HAL-true,7-MX_SPI2_Init-SPI2-false-HAL-true,8-MX_ADC1_Init-ADC1-false-HAL-true,9-MX_ADC2_Init-ADC2-false-HAL-true,10-MX_TIM8_Init-TIM8-false-HAL-true,11-MX_ADC3_Init-ADC3-false-HAL-true,12-MX_TIM2_Init-TIM2-false-HAL-true
RCC.AHBFreq_Value=180000000
RCC.APB1CLKDivider=RCC_HCLK_DIV4
RCC.APB1Freq_Value=45000000
RCC.APB1TimFreq_Value=90000000
RCC.APB2CLKDivider=RCC_HCLK_DIV2
RCC.APB2Freq_Value=90000000
RCC.APB2TimFreq_Value=180000000
RCC.CECFreq_Value=32786.88524590164
RCC.CortexFreq_Value=180000000
RCC.FCLKCortexFreq_Value=180000000
RCC.FMPI2C1Freq_Value=45000000
RCC.FamilyName=M
RCC.HCLKFreq_Value=180000000
RCC.HSE_VALUE=24000000
RCC.IPParameters=AHBFreq_Value,APB1CLKDivider,APB1Freq_Value,APB1TimFreq_Value,APB2CLKDivider,APB2Freq_Value,APB2TimFreq_Value,CECFreq_Value,CortexFreq_Value,FCLKCortexFreq_Value,FMPI2C1Freq_Value,FamilyName,HCLKFreq_Value,HSE_VALUE,MCO2PinFreq_Value,PLLCLKFreq_Value,PLLI2SPCLKFreq_Value,PLLI2SQCLKFreq_Value,PLLI2SRCLKFreq_Value,PLLM,PLLN,PLLQCLKFreq_Value,PLLRCLKFreq_Value,PLLSAIPCLKFreq_Value,PLLSAIQCLKFreq_Value,PWRFreq_Value,SAIAFreq_Value,SAIBFreq_Value,SDIOFreq_Value,SPDIFRXFreq_Value,SYSCLKFreq_VALUE,SYSCLKSource,USBFreq_Value,VCOI2SInputFreq_Value,VCOI2SOutputFreq_Value,VCOInputFreq_Value,VCOOutputFreq_Value,VCOSAIInputFreq_Value,VCOSAIOutputFreq_Value
RCC.MCO2PinFreq_Value=180000000
RCC.PLLCLKFreq_Value=180000000
RCC.PLLI2SPCLKFreq_Value=96000000
RCC.PLLI2SQCLKFreq_Value=96000000
RCC.PLLI2SRCLKFreq_Value=96000000
RCC.PLLM=8
RCC.PLLN=180
RCC.PLLQCLKFreq_Value=180000000
RCC.PLLRCLKFreq_Value=180000000
RCC.PLLSAIPCLKFreq_Value=96000000
RCC.PLLSAIQCLKFreq_Value=96000000
RCC.PWRFreq_Value=180000000
RCC.SAIAFreq_Value=96000000
RCC.SAIBFreq_Value=96000000
RCC.SDIOFreq_Value=180000000
RCC.SPDIFRXFreq_Value=180000000
RCC.SYSCLKFreq_VALUE=180000000
RCC.SYSCLKSource=RCC_SYSCLKSOURCE_PLLRCLK
RCC.USBFreq_Value=180000000
RCC.VCOI2SInputFreq_Value=1000000
RCC.VCOI2SOutputFreq_Value=192000000
RCC.VCOInputFreq_Value=2000000
RCC.VCOOutputFreq_Value=360000000
RCC.VCOSAIInputFreq_Value=1000000
RCC.VCOSAIOutputFreq_Value=192000000
SH.ADCx_IN0.0=ADC1_IN0,IN0
SH.ADCx_IN0.ConfNb=1
SH.ADCx_IN1.0=ADC3_IN1,IN1
SH.ADCx_IN1.ConfNb=1
SH.ADCx_IN4.0=ADC2_IN4,IN4
SH.ADCx_IN4.ConfNb=1
SH.ADCx_IN5.0=ADC2_IN5,IN5
SH.ADCx_IN5.ConfNb=1
SH.ADCx_IN6.0=ADC2_IN6,IN6
SH.ADCx_IN6.ConfNb=1
SH.S_TIM1_CH1.0=TIM1_CH1,PWM Generation1 CH1
SH.S_TIM1_CH1.ConfNb=1
SH.S_TIM1_CH2.0=TIM1_CH2,PWM Generation2 CH2
SH.S_TIM1_CH2.ConfNb=1
SH.S_TIM1_CH3.0=TIM1_CH3,PWM Generation3 CH3
SH.S_TIM1_CH3.ConfNb=1
SH.S_TIM1_CH4.0=TIM1_CH4,PWM Generation4 CH4
SH.S_TIM1_CH4.ConfNb=1
SH.S_TIM2_CH1_ETR.0=TIM2_CH1,PWM Generation1 CH1
SH.S_TIM2_CH1_ETR.ConfNb=1
SH.S_TIM2_CH2.0=TIM2_CH2,PWM Generation2 CH2
SH.S_TIM2_CH2.ConfNb=1
SH.S_TIM8_CH3.0=TIM8_CH3,PWM Generation3 CH3
SH.S_TIM8_CH3.ConfNb=1
SPI2.CalculateBaudRate=22.5 MBits/s
SPI2.Direction=SPI_DIRECTION_2LINES
SPI2.IPParameters=VirtualType,Mode,Direction,CalculateBaudRate
SPI2.Mode=SPI_MODE_MASTER
SPI2.VirtualType=VM_MASTER
TIM1.Channel-PWM\ Generation1\ CH1=TIM_CHANNEL_1
TIM1.Channel-PWM\ Generation2\ CH2=TIM_CHANNEL_2
TIM1.Channel-PWM\ Generation3\ CH3=TIM_CHANNEL_3
TIM1.Channel-PWM\ Generation4\ CH4=TIM_CHANNEL_4
TIM1.IPParameters=Channel-PWM Generation1 CH1,Channel-PWM Generation2 CH2,Channel-PWM Generation3 CH3,Channel-PWM Generation4 CH4,Period
TIM1.Period=899
TIM2.Channel-PWM\ Generation1\ CH1=TIM_CHANNEL_1
TIM2.Channel-PWM\ Generation2\ CH2=TIM_CHANNEL_2
TIM2.IPParameters=Period,Channel-PWM Generation1 CH1,Channel-PWM Generation2 CH2
TIM2.Period=89999
TIM8.Channel-PWM\ Generation3\ CH3=TIM_CHANNEL_3
TIM8.IPParameters=Channel-PWM Generation3 CH3,Prescaler,Period
TIM8.Period=8570
TIM8.Prescaler=20
USART2.IPParameters=VirtualMode
USART2.VirtualMode=VM_ASYNC
USART6.IPParameters=VirtualMode
USART6.VirtualMode=VM_ASYNC
VP_SYS_VS_Systick.Mode=SysTick
VP_SYS_VS_Systick.Signal=SYS_VS_Systick
VP_TIM2_VS_ClockSourceINT.Mode=Internal
VP_TIM2_VS_ClockSourceINT.Signal=TIM2_VS_ClockSourceINT
board=custom
isbadioc=false
